
Microsoft Visual Studio Solution File, Format Version 12.00
# Visual Studio Version 17
VisualStudioVersion = 17.12.35527.113
MinimumVisualStudioVersion = 10.0.40219.1
Project("{FAE04EC0-301F-11D3-BF4B-00C04F79EFBC}") = "Not_Kayit_Sistemi", "Not_Kayit_Sistemi\Not_Kayit_Sistemi.csproj", "{FF7018FE-9CFE-4372-B3C2-4DBCAF3C497A}"
EndProject
Project("{FAE04EC0-301F-11D3-BF4B-00C04F79EFBC}") = "Veri_Tabanli_Parti_Secim_Grafik_Istatistik", "Veri_Tabanli_Parti_Secim_Grafik_Istatistik\Veri_Tabanli_Parti_Secim_Grafik_Istatistik.csproj", "{1CCBC8B6-A29B-4A86-A6FA-3852622FF6DA}"
EndProject
Project("{FAE04EC0-301F-11D3-BF4B-00C04F79EFBC}") = "Passaparola", "Passaparola\Passaparola.csproj", "{BC49A934-4F7C-4512-BA5F-4A476FDD9C39}"
EndProject
Project("{FAE04EC0-301F-11D3-BF4B-00C04F79EFBC}") = "Doviz_Ofisi", "Doviz_Ofisi\Doviz_Ofisi.csproj", "{9186366C-D875-40B2-8325-8C393F172426}"
EndProject
Global
	GlobalSection(SolutionConfigurationPlatforms) = preSolution
		Debug|Any CPU = Debug|Any CPU
		Release|Any CPU = Release|Any CPU
	EndGlobalSection
	GlobalSection(ProjectConfigurationPlatforms) = postSolution
		{FF7018FE-9CFE-4372-B3C2-4DBCAF3C497A}.Debug|Any CPU.ActiveCfg = Debug|Any CPU
		{FF7018FE-9CFE-4372-B3C2-4DBCAF3C497A}.Debug|Any CPU.Build.0 = Debug|Any CPU
		{FF7018FE-9CFE-4372-B3C2-4DBCAF3C497A}.Release|Any CPU.ActiveCfg = Release|Any CPU
		{FF7018FE-9CFE-4372-B3C2-4DBCAF3C497A}.Release|Any CPU.Build.0 = Release|Any CPU
		{1CCBC8B6-A29B-4A86-A6FA-3852622FF6DA}.Debug|Any CPU.ActiveCfg = Debug|Any CPU
		{1CCBC8B6-A29B-4A86-A6FA-3852622FF6DA}.Debug|Any CPU.Build.0 = Debug|Any CPU
		{1CCBC8B6-A29B-4A86-A6FA-3852622FF6DA}.Release|Any CPU.ActiveCfg = Release|Any CPU
		{1CCBC8B6-A29B-4A86-A6FA-3852622FF6DA}.Release|Any CPU.Build.0 = Release|Any CPU
		{BC49A934-4F7C-4512-BA5F-4A476FDD9C39}.Debug|Any CPU.ActiveCfg = Debug|Any CPU
		{BC49A934-4F7C-4512-BA5F-4A476FDD9C39}.Debug|Any CPU.Build.0 = Debug|Any CPU
		{BC49A934-4F7C-4512-BA5F-4A476FDD9C39}.Release|Any CPU.ActiveCfg = Release|Any CPU
		{BC49A934-4F7C-4512-BA5F-4A476FDD9C39}.Release|Any CPU.Build.0 = Release|Any CPU
		{9186366C-D875-40B2-8325-8C393F172426}.Debug|Any CPU.ActiveCfg = Debug|Any CPU
		{9186366C-D875-40B2-8325-8C393F172426}.Debug|Any CPU.Build.0 = Debug|Any CPU
		{9186366C-D875-40B2-8325-8C393F172426}.Release|Any CPU.ActiveCfg = Release|Any CPU
		{9186366C-D875-40B2-8325-8C393F172426}.Release|Any CPU.Build.0 = Release|Any CPU
	EndGlobalSection
	GlobalSection(SolutionProperties) = preSolution
		HideSolutionNode = FALSE
	EndGlobalSection
EndGlobal
